
Microsoft Visual Studio Solution File, Format Version 12.00
# Visual Studio Version 16
VisualStudioVersion = 16.0.29926.136
MinimumVisualStudioVersion = 10.0.40219.1
Project("{FAE04EC0-301F-11D3-BF4B-00C04F79EFBC}") = "App1.UWP", "App1\App1.UWP\App1.UWP.csproj", "{9A68C2EE-BFE1-477D-9F7E-67971729B942}"
EndProject
Project("{FAE04EC0-301F-11D3-BF4B-00C04F79EFBC}") = "App1.Android", "App1\App1.Android\App1.Android.csproj", "{7BC234B6-4820-425D-9B06-C72AE85B8DE7}"
EndProject
Project("{FAE04EC0-301F-11D3-BF4B-00C04F79EFBC}") = "App1", "App1\App1\App1.csproj", "{4D9A9996-A323-4378-83E6-1F8E88E3689C}"
EndProject
Global
	GlobalSection(SolutionConfigurationPlatforms) = preSolution
		Debug|Any CPU = Debug|Any CPU
		Debug|ARM = Debug|ARM
		Debug|x64 = Debug|x64
		Debug|x86 = Debug|x86
		Release|Any CPU = Release|Any CPU
		Release|ARM = Release|ARM
		Release|x64 = Release|x64
		Release|x86 = Release|x86
	EndGlobalSection
	GlobalSection(ProjectConfigurationPlatforms) = postSolution
		{9A68C2EE-BFE1-477D-9F7E-67971729B942}.Debug|Any CPU.ActiveCfg = Debug|x86
		{9A68C2EE-BFE1-477D-9F7E-67971729B942}.Debug|Any CPU.Build.0 = Debug|x86
		{9A68C2EE-BFE1-477D-9F7E-67971729B942}.Debug|Any CPU.Deploy.0 = Debug|x86
		{9A68C2EE-BFE1-477D-9F7E-67971729B942}.Debug|ARM.ActiveCfg = Debug|ARM
		{9A68C2EE-BFE1-477D-9F7E-67971729B942}.Debug|ARM.Build.0 = Debug|ARM
		{9A68C2EE-BFE1-477D-9F7E-67971729B942}.Debug|ARM.Deploy.0 = Debug|ARM
		{9A68C2EE-BFE1-477D-9F7E-67971729B942}.Debug|x64.ActiveCfg = Debug|x64
		{9A68C2EE-BFE1-477D-9F7E-67971729B942}.Debug|x64.Build.0 = Debug|x64
		{9A68C2EE-BFE1-477D-9F7E-67971729B942}.Debug|x64.Deploy.0 = Debug|x64
		{9A68C2EE-BFE1-477D-9F7E-67971729B942}.Debug|x86.ActiveCfg = Debug|x86
		{9A68C2EE-BFE1-477D-9F7E-67971729B942}.Debug|x86.Build.0 = Debug|x86
		{9A68C2EE-BFE1-477D-9F7E-67971729B942}.Debug|x86.Deploy.0 = Debug|x86
		{9A68C2EE-BFE1-477D-9F7E-67971729B942}.Release|Any CPU.ActiveCfg = Release|x86
		{9A68C2EE-BFE1-477D-9F7E-67971729B942}.Release|Any CPU.Build.0 = Release|x86
		{9A68C2EE-BFE1-477D-9F7E-67971729B942}.Release|Any CPU.Deploy.0 = Release|x86
		{9A68C2EE-BFE1-477D-9F7E-67971729B942}.Release|ARM.ActiveCfg = Release|ARM
		{9A68C2EE-BFE1-477D-9F7E-67971729B942}.Release|ARM.Build.0 = Release|ARM
		{9A68C2EE-BFE1-477D-9F7E-67971729B942}.Release|ARM.Deploy.0 = Release|ARM
		{9A68C2EE-BFE1-477D-9F7E-67971729B942}.Release|x64.ActiveCfg = Release|x64
		{9A68C2EE-BFE1-477D-9F7E-67971729B942}.Release|x64.Build.0 = Release|x64
		{9A68C2EE-BFE1-477D-9F7E-67971729B942}.Release|x64.Deploy.0 = Release|x64
		{9A68C2EE-BFE1-477D-9F7E-67971729B942}.Release|x86.ActiveCfg = Release|x86
		{9A68C2EE-BFE1-477D-9F7E-67971729B942}.Release|x86.Build.0 = Release|x86
		{9A68C2EE-BFE1-477D-9F7E-67971729B942}.Release|x86.Deploy.0 = Release|x86
		{7BC234B6-4820-425D-9B06-C72AE85B8DE7}.Debug|Any CPU.ActiveCfg = Debug|Any CPU
		{7BC234B6-4820-425D-9B06-C72AE85B8DE7}.Debug|Any CPU.Build.0 = Debug|Any CPU
		{7BC234B6-4820-425D-9B06-C72AE85B8DE7}.Debug|Any CPU.Deploy.0 = Debug|Any CPU
		{7BC234B6-4820-425D-9B06-C72AE85B8DE7}.Debug|ARM.ActiveCfg = Debug|Any CPU
		{7BC234B6-4820-425D-9B06-C72AE85B8DE7}.Debug|ARM.Build.0 = Debug|Any CPU
		{7BC234B6-4820-425D-9B06-C72AE85B8DE7}.Debug|ARM.Deploy.0 = Debug|Any CPU
		{7BC234B6-4820-425D-9B06-C72AE85B8DE7}.Debug|x64.ActiveCfg = Debug|Any CPU
		{7BC234B6-4820-425D-9B06-C72AE85B8DE7}.Debug|x64.Build.0 = Debug|Any CPU
		{7BC234B6-4820-425D-9B06-C72AE85B8DE7}.Debug|x64.Deploy.0 = Debug|Any CPU
		{7BC234B6-4820-425D-9B06-C72AE85B8DE7}.Debug|x86.ActiveCfg = Debug|Any CPU
		{7BC234B6-4820-425D-9B06-C72AE85B8DE7}.Debug|x86.Build.0 = Debug|Any CPU
		{7BC234B6-4820-425D-9B06-C72AE85B8DE7}.Debug|x86.Deploy.0 = Debug|Any CPU
		{7BC234B6-4820-425D-9B06-C72AE85B8DE7}.Release|Any CPU.ActiveCfg = Release|Any CPU
		{7BC234B6-4820-425D-9B06-C72AE85B8DE7}.Release|Any CPU.Build.0 = Release|Any CPU
		{7BC234B6-4820-425D-9B06-C72AE85B8DE7}.Release|Any CPU.Deploy.0 = Release|Any CPU
		{7BC234B6-4820-425D-9B06-C72AE85B8DE7}.Release|ARM.ActiveCfg = Release|Any CPU
		{7BC234B6-4820-425D-9B06-C72AE85B8DE7}.Release|ARM.Build.0 = Release|Any CPU
		{7BC234B6-4820-425D-9B06-C72AE85B8DE7}.Release|ARM.Deploy.0 = Release|Any CPU
		{7BC234B6-4820-425D-9B06-C72AE85B8DE7}.Release|x64.ActiveCfg = Release|Any CPU
		{7BC234B6-4820-425D-9B06-C72AE85B8DE7}.Release|x64.Build.0 = Release|Any CPU
		{7BC234B6-4820-425D-9B06-C72AE85B8DE7}.Release|x64.Deploy.0 = Release|Any CPU
		{7BC234B6-4820-425D-9B06-C72AE85B8DE7}.Release|x86.ActiveCfg = Release|Any CPU
		{7BC234B6-4820-425D-9B06-C72AE85B8DE7}.Release|x86.Build.0 = Release|Any CPU
		{7BC234B6-4820-425D-9B06-C72AE85B8DE7}.Release|x86.Deploy.0 = Release|Any CPU
		{4D9A9996-A323-4378-83E6-1F8E88E3689C}.Debug|Any CPU.ActiveCfg = Debug|Any CPU
		{4D9A9996-A323-4378-83E6-1F8E88E3689C}.Debug|Any CPU.Build.0 = Debug|Any CPU
		{4D9A9996-A323-4378-83E6-1F8E88E3689C}.Debug|Any CPU.Deploy.0 = Debug|Any CPU
		{4D9A9996-A323-4378-83E6-1F8E88E3689C}.Debug|ARM.ActiveCfg = Debug|Any CPU
		{4D9A9996-A323-4378-83E6-1F8E88E3689C}.Debug|ARM.Build.0 = Debug|Any CPU
		{4D9A9996-A323-4378-83E6-1F8E88E3689C}.Debug|ARM.Deploy.0 = Debug|Any CPU
		{4D9A9996-A323-4378-83E6-1F8E88E3689C}.Debug|x64.ActiveCfg = Debug|Any CPU
		{4D9A9996-A323-4378-83E6-1F8E88E3689C}.Debug|x64.Build.0 = Debug|Any CPU
		{4D9A9996-A323-4378-83E6-1F8E88E3689C}.Debug|x64.Deploy.0 = Debug|Any CPU
		{4D9A9996-A323-4378-83E6-1F8E88E3689C}.Debug|x86.ActiveCfg = Debug|Any CPU
		{4D9A9996-A323-4378-83E6-1F8E88E3689C}.Debug|x86.Build.0 = Debug|Any CPU
		{4D9A9996-A323-4378-83E6-1F8E88E3689C}.Debug|x86.Deploy.0 = Debug|Any CPU
		{4D9A9996-A323-4378-83E6-1F8E88E3689C}.Release|Any CPU.ActiveCfg = Release|Any CPU
		{4D9A9996-A323-4378-83E6-1F8E88E3689C}.Release|Any CPU.Build.0 = Release|Any CPU
		{4D9A9996-A323-4378-83E6-1F8E88E3689C}.Release|Any CPU.Deploy.0 = Release|Any CPU
		{4D9A9996-A323-4378-83E6-1F8E88E3689C}.Release|ARM.ActiveCfg = Release|Any CPU
		{4D9A9996-A323-4378-83E6-1F8E88E3689C}.Release|ARM.Build.0 = Release|Any CPU
		{4D9A9996-A323-4378-83E6-1F8E88E3689C}.Release|ARM.Deploy.0 = Release|Any CPU
		{4D9A9996-A323-4378-83E6-1F8E88E3689C}.Release|x64.ActiveCfg = Release|Any CPU
		{4D9A9996-A323-4378-83E6-1F8E88E3689C}.Release|x64.Build.0 = Release|Any CPU
		{4D9A9996-A323-4378-83E6-1F8E88E3689C}.Release|x64.Deploy.0 = Release|Any CPU
		{4D9A9996-A323-4378-83E6-1F8E88E3689C}.Release|x86.ActiveCfg = Release|Any CPU
		{4D9A9996-A323-4378-83E6-1F8E88E3689C}.Release|x86.Build.0 = Release|Any CPU
		{4D9A9996-A323-4378-83E6-1F8E88E3689C}.Release|x86.Deploy.0 = Release|Any CPU
	EndGlobalSection
	GlobalSection(SolutionProperties) = preSolution
		HideSolutionNode = FALSE
	EndGlobalSection
	GlobalSection(ExtensibilityGlobals) = postSolution
		SolutionGuid = {7361957F-9C90-4DF9-AFB1-FC35A6D0A748}
	EndGlobalSection
EndGlobal
